
Microsoft Visual Studio Solution File, Format Version 12.00
# Visual Studio Version 16
VisualStudioVersion = 16.0.31025.194
MinimumVisualStudioVersion = 10.0.40219.1
Project("{9A19103F-16F7-4668-BE54-9A1E7A4F7556}") = "FreakyGame", "FreakyGame.csproj", "{37F6A0AE-26A3-48DF-8F65-EEA19B2D090A}"
EndProject
Global
	GlobalSection(SolutionConfigurationPlatforms) = preSolution
		Debug|Any CPU = Debug|Any CPU
		Release|Any CPU = Release|Any CPU
	EndGlobalSection
	GlobalSection(ProjectConfigurationPlatforms) = postSolution
		{37F6A0AE-26A3-48DF-8F65-EEA19B2D090A}.Debug|Any CPU.ActiveCfg = Debug|Any CPU
		{37F6A0AE-26A3-48DF-8F65-EEA19B2D090A}.Debug|Any CPU.Build.0 = Debug|Any CPU
		{37F6A0AE-26A3-48DF-8F65-EEA19B2D090A}.Release|Any CPU.ActiveCfg = Release|Any CPU
		{37F6A0AE-26A3-48DF-8F65-EEA19B2D090A}.Release|Any CPU.Build.0 = Release|Any CPU
	EndGlobalSection
	GlobalSection(SolutionProperties) = preSolution
		HideSolutionNode = FALSE
	EndGlobalSection
	GlobalSection(ExtensibilityGlobals) = postSolution
		SolutionGuid = {5020BE49-81C2-4301-B977-D7399C8F804E}
	EndGlobalSection
EndGlobal
